
Microsoft Visual Studio Solution File, Format Version 12.00
# Visual Studio Version 17
VisualStudioVersion = 17.5.002.0
MinimumVisualStudioVersion = 10.0.40219.1
Project("{9A19103F-16F7-4668-BE54-9A1E7A4F7556}") = "LHPet", "LHPet\LHPet.csproj", "{70A8F0CC-10F8-4150-A41D-21EE27958A52}"
EndProject
Global
	GlobalSection(SolutionConfigurationPlatforms) = preSolution
		Debug|Any CPU = Debug|Any CPU
		Release|Any CPU = Release|Any CPU
	EndGlobalSection
	GlobalSection(ProjectConfigurationPlatforms) = postSolution
		{70A8F0CC-10F8-4150-A41D-21EE27958A52}.Debug|Any CPU.ActiveCfg = Debug|Any CPU
		{70A8F0CC-10F8-4150-A41D-21EE27958A52}.Debug|Any CPU.Build.0 = Debug|Any CPU
		{70A8F0CC-10F8-4150-A41D-21EE27958A52}.Release|Any CPU.ActiveCfg = Release|Any CPU
		{70A8F0CC-10F8-4150-A41D-21EE27958A52}.Release|Any CPU.Build.0 = Release|Any CPU
	EndGlobalSection
	GlobalSection(SolutionProperties) = preSolution
		HideSolutionNode = FALSE
	EndGlobalSection
	GlobalSection(ExtensibilityGlobals) = postSolution
		SolutionGuid = {C0B8346A-5FFD-457C-AAD0-8BBF08CF5852}
	EndGlobalSection
EndGlobal
